
Microsoft Visual Studio Solution File, Format Version 12.00
Project("{FAE04EC0-301F-11D3-BF4B-00C04F79EFBC}") = "TP3-CRUD-TS", "TP3-CRUD-TS\TP3-CRUD-TS.csproj", "{AFA0C295-64E1-4AA6-AD62-0D5EB3301688}"
EndProject
Project("{FAE04EC0-301F-11D3-BF4B-00C04F79EFBC}") = "TP3-API", "TP3-API\TP3-API.csproj", "{C9624490-B889-4DD5-B5BF-D2685443212A}"
EndProject
Global
	GlobalSection(SolutionConfigurationPlatforms) = preSolution
		Debug|Any CPU = Debug|Any CPU
		Release|Any CPU = Release|Any CPU
	EndGlobalSection
	GlobalSection(ProjectConfigurationPlatforms) = postSolution
		{AFA0C295-64E1-4AA6-AD62-0D5EB3301688}.Debug|Any CPU.ActiveCfg = Debug|Any CPU
		{AFA0C295-64E1-4AA6-AD62-0D5EB3301688}.Debug|Any CPU.Build.0 = Debug|Any CPU
		{AFA0C295-64E1-4AA6-AD62-0D5EB3301688}.Release|Any CPU.ActiveCfg = Release|Any CPU
		{AFA0C295-64E1-4AA6-AD62-0D5EB3301688}.Release|Any CPU.Build.0 = Release|Any CPU
		{C9624490-B889-4DD5-B5BF-D2685443212A}.Debug|Any CPU.ActiveCfg = Debug|Any CPU
		{C9624490-B889-4DD5-B5BF-D2685443212A}.Debug|Any CPU.Build.0 = Debug|Any CPU
		{C9624490-B889-4DD5-B5BF-D2685443212A}.Release|Any CPU.ActiveCfg = Release|Any CPU
		{C9624490-B889-4DD5-B5BF-D2685443212A}.Release|Any CPU.Build.0 = Release|Any CPU
	EndGlobalSection
EndGlobal
